
Microsoft Visual Studio Solution File, Format Version 12.00
# Visual Studio Version 16
VisualStudioVersion = 16.0.30011.22
MinimumVisualStudioVersion = 10.0.40219.1
Project("{2150E333-8FDC-42A3-9474-1A3956D46DE8}") = "Application", "Application", "{B56362D5-AF3B-4B08-A911-777E2B0CD746}"
EndProject
Project("{2150E333-8FDC-42A3-9474-1A3956D46DE8}") = "Domain", "Domain", "{5010C0FE-1885-4AA7-BBFF-EF4C1514E352}"
EndProject
Project("{2150E333-8FDC-42A3-9474-1A3956D46DE8}") = "Infra.IoC", "Infra.IoC", "{C2AE0610-9E18-4197-BA87-6002CB44ACB7}"
EndProject
Project("{2150E333-8FDC-42A3-9474-1A3956D46DE8}") = "Infra.Data", "Infra.Data", "{F1B8ECE1-6131-411B-BDDA-777ECA1657C4}"
EndProject
Project("{2150E333-8FDC-42A3-9474-1A3956D46DE8}") = "Presentation", "Presentation", "{4B42A301-E5B0-426E-9C6D-FEE8B8998370}"
EndProject
Project("{FAE04EC0-301F-11D3-BF4B-00C04F79EFBC}") = "CleanArch.MVC", "CleanArch.MVC\CleanArch.MVC.csproj", "{C08B1CEF-FA32-4021-BA2B-48EA1D8C13DD}"
EndProject
Project("{FAE04EC0-301F-11D3-BF4B-00C04F79EFBC}") = "CleanArch.Domain", "CleanArch.Domain\CleanArch.Domain.csproj", "{B3667532-116D-4366-8216-CC762F401FFE}"
EndProject
Project("{FAE04EC0-301F-11D3-BF4B-00C04F79EFBC}") = "CleanArch.Infra.Data", "CleanArch.Infra.Data\CleanArch.Infra.Data.csproj", "{75A0F1FC-C057-451D-BBAF-2C52DAF1E3F2}"
EndProject
Global
	GlobalSection(SolutionConfigurationPlatforms) = preSolution
		Debug|Any CPU = Debug|Any CPU
		Release|Any CPU = Release|Any CPU
	EndGlobalSection
	GlobalSection(ProjectConfigurationPlatforms) = postSolution
		{C08B1CEF-FA32-4021-BA2B-48EA1D8C13DD}.Debug|Any CPU.ActiveCfg = Debug|Any CPU
		{C08B1CEF-FA32-4021-BA2B-48EA1D8C13DD}.Debug|Any CPU.Build.0 = Debug|Any CPU
		{C08B1CEF-FA32-4021-BA2B-48EA1D8C13DD}.Release|Any CPU.ActiveCfg = Release|Any CPU
		{C08B1CEF-FA32-4021-BA2B-48EA1D8C13DD}.Release|Any CPU.Build.0 = Release|Any CPU
		{B3667532-116D-4366-8216-CC762F401FFE}.Debug|Any CPU.ActiveCfg = Debug|Any CPU
		{B3667532-116D-4366-8216-CC762F401FFE}.Debug|Any CPU.Build.0 = Debug|Any CPU
		{B3667532-116D-4366-8216-CC762F401FFE}.Release|Any CPU.ActiveCfg = Release|Any CPU
		{B3667532-116D-4366-8216-CC762F401FFE}.Release|Any CPU.Build.0 = Release|Any CPU
		{75A0F1FC-C057-451D-BBAF-2C52DAF1E3F2}.Debug|Any CPU.ActiveCfg = Debug|Any CPU
		{75A0F1FC-C057-451D-BBAF-2C52DAF1E3F2}.Debug|Any CPU.Build.0 = Debug|Any CPU
		{75A0F1FC-C057-451D-BBAF-2C52DAF1E3F2}.Release|Any CPU.ActiveCfg = Release|Any CPU
		{75A0F1FC-C057-451D-BBAF-2C52DAF1E3F2}.Release|Any CPU.Build.0 = Release|Any CPU
	EndGlobalSection
	GlobalSection(SolutionProperties) = preSolution
		HideSolutionNode = FALSE
	EndGlobalSection
	GlobalSection(NestedProjects) = preSolution
		{C08B1CEF-FA32-4021-BA2B-48EA1D8C13DD} = {4B42A301-E5B0-426E-9C6D-FEE8B8998370}
		{B3667532-116D-4366-8216-CC762F401FFE} = {5010C0FE-1885-4AA7-BBFF-EF4C1514E352}
		{75A0F1FC-C057-451D-BBAF-2C52DAF1E3F2} = {F1B8ECE1-6131-411B-BDDA-777ECA1657C4}
	EndGlobalSection
	GlobalSection(ExtensibilityGlobals) = postSolution
		SolutionGuid = {B362D44C-823C-4220-968B-5EAED113C9CA}
	EndGlobalSection
EndGlobal
